// !$*UTF8*$!
{
	archiveVersion = 1;
	classes = {
	};
	objectVersion = 46;
	objects = {

/* Begin PBXBuildFile section */
		A0793C157FEB4642A1488E84 /* libPods-EIRMatch.a in Frameworks */ = {isa = PBXBuildFile; fileRef = 943B49E74032484DBF760B33 /* libPods-EIRMatch.a */; };
		B814D5981981BA2D008587A3 /* EIRBrowseButtonFormatter.swift in Sources */ = {isa = PBXBuildFile; fileRef = B814D5971981BA2D008587A3 /* EIRBrowseButtonFormatter.swift */; };
		B814D59C1982D44A008587A3 /* lightbulb.jpeg in Resources */ = {isa = PBXBuildFile; fileRef = B814D59B1982D44A008587A3 /* lightbulb.jpeg */; };
		B85D1CA01986E0860087A4A2 /* user91.png in Resources */ = {isa = PBXBuildFile; fileRef = B85D1C9F1986E0860087A4A2 /* user91.png */; };
		B85D1CA21986E3AB0087A4A2 /* EIRPersonDetailsController.swift in Sources */ = {isa = PBXBuildFile; fileRef = B85D1CA11986E3AB0087A4A2 /* EIRPersonDetailsController.swift */; };
		B85D1CA51986E9F00087A4A2 /* EIRHomeMDCHelper.swift in Sources */ = {isa = PBXBuildFile; fileRef = B85D1CA41986E9F00087A4A2 /* EIRHomeMDCHelper.swift */; };
		B85D1CA71986EB440087A4A2 /* design.png in Resources */ = {isa = PBXBuildFile; fileRef = B85D1CA61986EB440087A4A2 /* design.png */; };
		B85D1CAA1986EF140087A4A2 /* developer.png in Resources */ = {isa = PBXBuildFile; fileRef = B85D1CA81986EF140087A4A2 /* developer.png */; };
		B85D1CAB1986EF140087A4A2 /* management.png in Resources */ = {isa = PBXBuildFile; fileRef = B85D1CA91986EF140087A4A2 /* management.png */; };
		B85D1CAD1986F80E0087A4A2 /* EIRLoginController.swift in Sources */ = {isa = PBXBuildFile; fileRef = B85D1CAC1986F80E0087A4A2 /* EIRLoginController.swift */; };
		B85D1CAF1986FBE40087A4A2 /* EIRLoginHelper.swift in Sources */ = {isa = PBXBuildFile; fileRef = B85D1CAE1986FBE40087A4A2 /* EIRLoginHelper.swift */; };
		B85D1CB2198704B20087A4A2 /* EIRLoginCellFormatter.swift in Sources */ = {isa = PBXBuildFile; fileRef = B85D1CB1198704B20087A4A2 /* EIRLoginCellFormatter.swift */; };
		B85DC837197D99F400E02452 /* AppDelegate.swift in Sources */ = {isa = PBXBuildFile; fileRef = B85DC836197D99F400E02452 /* AppDelegate.swift */; };
		B85DC83C197D99F400E02452 /* Main.storyboard in Resources */ = {isa = PBXBuildFile; fileRef = B85DC83A197D99F400E02452 /* Main.storyboard */; };
		B85DC83E197D99F400E02452 /* Images.xcassets in Resources */ = {isa = PBXBuildFile; fileRef = B85DC83D197D99F400E02452 /* Images.xcassets */; };
		B85DC84A197D99F400E02452 /* EIRMatchTests.swift in Sources */ = {isa = PBXBuildFile; fileRef = B85DC849197D99F400E02452 /* EIRMatchTests.swift */; };
		B85DC854197D9C7D00E02452 /* EIRBrowseController.swift in Sources */ = {isa = PBXBuildFile; fileRef = B85DC853197D9C7D00E02452 /* EIRBrowseController.swift */; };
		B85DC856197DA11400E02452 /* EIRSystemResources.swift in Sources */ = {isa = PBXBuildFile; fileRef = B85DC855197DA11400E02452 /* EIRSystemResources.swift */; };
		B85DC85B197DC77200E02452 /* binary7.png in Resources */ = {isa = PBXBuildFile; fileRef = B85DC858197DC77200E02452 /* binary7.png */; };
		B85DC85C197DC77200E02452 /* career.png in Resources */ = {isa = PBXBuildFile; fileRef = B85DC859197DC77200E02452 /* career.png */; };
		B85DC85D197DC77200E02452 /* website8.png in Resources */ = {isa = PBXBuildFile; fileRef = B85DC85A197DC77200E02452 /* website8.png */; };
		B85DC863197DD77000E02452 /* EIRHomeController.swift in Sources */ = {isa = PBXBuildFile; fileRef = B85DC862197DD77000E02452 /* EIRHomeController.swift */; };
		B85DC865197EC6D700E02452 /* EIRPostController.swift in Sources */ = {isa = PBXBuildFile; fileRef = B85DC864197EC6D700E02452 /* EIRPostController.swift */; };
		B85DC86B197EDAFB00E02452 /* EIRShowAllController.swift in Sources */ = {isa = PBXBuildFile; fileRef = B85DC86A197EDAFB00E02452 /* EIRShowAllController.swift */; };
		B85DC873197F068900E02452 /* EIRCityPicker.swift in Sources */ = {isa = PBXBuildFile; fileRef = B85DC872197F068900E02452 /* EIRCityPicker.swift */; };
		B85DC875197F069500E02452 /* EIRCityPickerTableViewHelper.swift in Sources */ = {isa = PBXBuildFile; fileRef = B85DC874197F069500E02452 /* EIRCityPickerTableViewHelper.swift */; };
		B85DC877197F081000E02452 /* ViewController.swift in Sources */ = {isa = PBXBuildFile; fileRef = B85DC876197F081000E02452 /* ViewController.swift */; };
		B86B75F61981963900ECDACE /* EIRMatch.entitlements in Resources */ = {isa = PBXBuildFile; fileRef = B86B75F51981963900ECDACE /* EIRMatch.entitlements */; };
		B88C0E271982F554001E805B /* EIRPostDetailViewer.swift in Sources */ = {isa = PBXBuildFile; fileRef = B88C0E261982F553001E805B /* EIRPostDetailViewer.swift */; };
		B88C0E2A1982FF9A001E805B /* packet.png in Resources */ = {isa = PBXBuildFile; fileRef = B88C0E291982FF9A001E805B /* packet.png */; };
		B88C0E2C1986BE7D001E805B /* MessageUI.framework in Frameworks */ = {isa = PBXBuildFile; fileRef = B88C0E2B1986BE7D001E805B /* MessageUI.framework */; };
		B88C0E2E1986C06F001E805B /* EIRMessageDelegate.swift in Sources */ = {isa = PBXBuildFile; fileRef = B88C0E2D1986C06F001E805B /* EIRMessageDelegate.swift */; };
		B897D47C1988365000D9BA08 /* Social.framework in Frameworks */ = {isa = PBXBuildFile; fileRef = B897D47B1988365000D9BA08 /* Social.framework */; };
		B89EE056197F2C6D002F4FF4 /* EIRShowAllTableViewHelper.swift in Sources */ = {isa = PBXBuildFile; fileRef = B89EE055197F2C6D002F4FF4 /* EIRShowAllTableViewHelper.swift */; };
		B8AF79C919883E7300128E66 /* Foundation.framework in Frameworks */ = {isa = PBXBuildFile; fileRef = B897D479198835BC00D9BA08 /* Foundation.framework */; };
		B8AF79CB19883F2700128E66 /* UIKit.framework in Frameworks */ = {isa = PBXBuildFile; fileRef = B8AF79CA19883F2700128E66 /* UIKit.framework */; settings = {ATTRIBUTES = (Weak, ); }; };
		B8FFC98C1980218500372EA7 /* EIRPostHelper.swift in Sources */ = {isa = PBXBuildFile; fileRef = B8FFC98B1980218500372EA7 /* EIRPostHelper.swift */; };
		B8FFC98E198021D000372EA7 /* EIRPostCellFormatter.swift in Sources */ = {isa = PBXBuildFile; fileRef = B8FFC98D198021D000372EA7 /* EIRPostCellFormatter.swift */; };
		B8FFC9901980307D00372EA7 /* EIRPost.swift in Sources */ = {isa = PBXBuildFile; fileRef = B8FFC98F1980307D00372EA7 /* EIRPost.swift */; };
		B8FFC9951980680F00372EA7 /* EIRPostSaver.swift in Sources */ = {isa = PBXBuildFile; fileRef = B8FFC9941980680F00372EA7 /* EIRPostSaver.swift */; };
		B8FFCA14198092DF00372EA7 /* Parse.framework in Frameworks */ = {isa = PBXBuildFile; fileRef = B8FFCA13198092DF00372EA7 /* Parse.framework */; };
		B8FFCA16198092E900372EA7 /* AudioToolbox.framework in Frameworks */ = {isa = PBXBuildFile; fileRef = B8FFCA15198092E900372EA7 /* AudioToolbox.framework */; };
		B8FFCA18198092F000372EA7 /* CFNetwork.framework in Frameworks */ = {isa = PBXBuildFile; fileRef = B8FFCA17198092F000372EA7 /* CFNetwork.framework */; };
		B8FFCA1A198092F700372EA7 /* CoreGraphics.framework in Frameworks */ = {isa = PBXBuildFile; fileRef = B8FFCA19198092F700372EA7 /* CoreGraphics.framework */; };
		B8FFCA1C198092FD00372EA7 /* CoreLocation.framework in Frameworks */ = {isa = PBXBuildFile; fileRef = B8FFCA1B198092FD00372EA7 /* CoreLocation.framework */; };
		B8FFCA1E1980930300372EA7 /* libz.dylib in Frameworks */ = {isa = PBXBuildFile; fileRef = B8FFCA1D1980930300372EA7 /* libz.dylib */; };
		B8FFCA201980930B00372EA7 /* MobileCoreServices.framework in Frameworks */ = {isa = PBXBuildFile; fileRef = B8FFCA1F1980930B00372EA7 /* MobileCoreServices.framework */; };
		B8FFCA221980931100372EA7 /* QuartzCore.framework in Frameworks */ = {isa = PBXBuildFile; fileRef = B8FFCA211980931100372EA7 /* QuartzCore.framework */; };
		B8FFCA241980931700372EA7 /* Security.framework in Frameworks */ = {isa = PBXBuildFile; fileRef = B8FFCA231980931700372EA7 /* Security.framework */; };
		B8FFCA281980932500372EA7 /* SystemConfiguration.framework in Frameworks */ = {isa = PBXBuildFile; fileRef = B8FFCA271980932500372EA7 /* SystemConfiguration.framework */; };
		B8FFCA2A19817DB700372EA7 /* EIRPostLoader.swift in Sources */ = {isa = PBXBuildFile; fileRef = B8FFCA2919817DB700372EA7 /* EIRPostLoader.swift */; };
/* End PBXBuildFile section */

/* Begin PBXContainerItemProxy section */
		B85DC844197D99F400E02452 /* PBXContainerItemProxy */ = {
			isa = PBXContainerItemProxy;
			containerPortal = B85DC829197D99F300E02452 /* Project object */;
			proxyType = 1;
			remoteGlobalIDString = B85DC830197D99F400E02452;
			remoteInfo = EIRMatch;
		};
/* End PBXContainerItemProxy section */

/* Begin PBXFileReference section */
		307CD7C972914291BC8A6301 /* Pods-EIRMatch.xcconfig */ = {isa = PBXFileReference; includeInIndex = 1; lastKnownFileType = text.xcconfig; name = "Pods-EIRMatch.xcconfig"; path = "Pods/Pods-EIRMatch.xcconfig"; sourceTree = "<group>"; };
		943B49E74032484DBF760B33 /* libPods-EIRMatch.a */ = {isa = PBXFileReference; explicitFileType = archive.ar; includeInIndex = 0; path = "libPods-EIRMatch.a"; sourceTree = BUILT_PRODUCTS_DIR; };
		B814D5971981BA2D008587A3 /* EIRBrowseButtonFormatter.swift */ = {isa = PBXFileReference; fileEncoding = 4; lastKnownFileType = sourcecode.swift; path = EIRBrowseButtonFormatter.swift; sourceTree = "<group>"; };
		B814D59B1982D44A008587A3 /* lightbulb.jpeg */ = {isa = PBXFileReference; lastKnownFileType = image.jpeg; path = lightbulb.jpeg; sourceTree = "<group>"; };
		B85D1C9F1986E0860087A4A2 /* user91.png */ = {isa = PBXFileReference; lastKnownFileType = image.png; path = user91.png; sourceTree = "<group>"; };
		B85D1CA11986E3AB0087A4A2 /* EIRPersonDetailsController.swift */ = {isa = PBXFileReference; fileEncoding = 4; lastKnownFileType = sourcecode.swift; path = EIRPersonDetailsController.swift; sourceTree = "<group>"; };
		B85D1CA41986E9F00087A4A2 /* EIRHomeMDCHelper.swift */ = {isa = PBXFileReference; fileEncoding = 4; lastKnownFileType = sourcecode.swift; path = EIRHomeMDCHelper.swift; sourceTree = "<group>"; };
		B85D1CA61986EB440087A4A2 /* design.png */ = {isa = PBXFileReference; lastKnownFileType = image.png; path = design.png; sourceTree = "<group>"; };
		B85D1CA81986EF140087A4A2 /* developer.png */ = {isa = PBXFileReference; lastKnownFileType = image.png; path = developer.png; sourceTree = "<group>"; };
		B85D1CA91986EF140087A4A2 /* management.png */ = {isa = PBXFileReference; lastKnownFileType = image.png; path = management.png; sourceTree = "<group>"; };
		B85D1CAC1986F80E0087A4A2 /* EIRLoginController.swift */ = {isa = PBXFileReference; fileEncoding = 4; lastKnownFileType = sourcecode.swift; path = EIRLoginController.swift; sourceTree = "<group>"; };
		B85D1CAE1986FBE40087A4A2 /* EIRLoginHelper.swift */ = {isa = PBXFileReference; fileEncoding = 4; lastKnownFileType = sourcecode.swift; path = EIRLoginHelper.swift; sourceTree = "<group>"; };
		B85D1CB1198704B20087A4A2 /* EIRLoginCellFormatter.swift */ = {isa = PBXFileReference; fileEncoding = 4; lastKnownFileType = sourcecode.swift; path = EIRLoginCellFormatter.swift; sourceTree = "<group>"; };
		B85DC831197D99F400E02452 /* EIRMatch.app */ = {isa = PBXFileReference; explicitFileType = wrapper.application; includeInIndex = 0; path = EIRMatch.app; sourceTree = BUILT_PRODUCTS_DIR; };
		B85DC835197D99F400E02452 /* Info.plist */ = {isa = PBXFileReference; lastKnownFileType = text.plist.xml; path = Info.plist; sourceTree = "<group>"; };
		B85DC836197D99F400E02452 /* AppDelegate.swift */ = {isa = PBXFileReference; lastKnownFileType = sourcecode.swift; path = AppDelegate.swift; sourceTree = "<group>"; };
		B85DC83B197D99F400E02452 /* Base */ = {isa = PBXFileReference; lastKnownFileType = file.storyboard; name = Base; path = Base.lproj/Main.storyboard; sourceTree = "<group>"; };
		B85DC83D197D99F400E02452 /* Images.xcassets */ = {isa = PBXFileReference; lastKnownFileType = folder.assetcatalog; path = Images.xcassets; sourceTree = "<group>"; };
		B85DC843197D99F400E02452 /* EIRMatchTests.xctest */ = {isa = PBXFileReference; explicitFileType = wrapper.cfbundle; includeInIndex = 0; path = EIRMatchTests.xctest; sourceTree = BUILT_PRODUCTS_DIR; };
		B85DC848197D99F400E02452 /* Info.plist */ = {isa = PBXFileReference; lastKnownFileType = text.plist.xml; path = Info.plist; sourceTree = "<group>"; };
		B85DC849197D99F400E02452 /* EIRMatchTests.swift */ = {isa = PBXFileReference; lastKnownFileType = sourcecode.swift; path = EIRMatchTests.swift; sourceTree = "<group>"; };
		B85DC853197D9C7D00E02452 /* EIRBrowseController.swift */ = {isa = PBXFileReference; fileEncoding = 4; lastKnownFileType = sourcecode.swift; path = EIRBrowseController.swift; sourceTree = "<group>"; };
		B85DC855197DA11400E02452 /* EIRSystemResources.swift */ = {isa = PBXFileReference; fileEncoding = 4; lastKnownFileType = sourcecode.swift; path = EIRSystemResources.swift; sourceTree = "<group>"; };
		B85DC858197DC77200E02452 /* binary7.png */ = {isa = PBXFileReference; lastKnownFileType = image.png; path = binary7.png; sourceTree = "<group>"; };
		B85DC859197DC77200E02452 /* career.png */ = {isa = PBXFileReference; lastKnownFileType = image.png; path = career.png; sourceTree = "<group>"; };
		B85DC85A197DC77200E02452 /* website8.png */ = {isa = PBXFileReference; lastKnownFileType = image.png; path = website8.png; sourceTree = "<group>"; };
		B85DC862197DD77000E02452 /* EIRHomeController.swift */ = {isa = PBXFileReference; fileEncoding = 4; lastKnownFileType = sourcecode.swift; path = EIRHomeController.swift; sourceTree = "<group>"; };
		B85DC864197EC6D700E02452 /* EIRPostController.swift */ = {isa = PBXFileReference; fileEncoding = 4; lastKnownFileType = sourcecode.swift; path = EIRPostController.swift; sourceTree = "<group>"; };
		B85DC86A197EDAFB00E02452 /* EIRShowAllController.swift */ = {isa = PBXFileReference; fileEncoding = 4; lastKnownFileType = sourcecode.swift; path = EIRShowAllController.swift; sourceTree = "<group>"; };
		B85DC872197F068900E02452 /* EIRCityPicker.swift */ = {isa = PBXFileReference; fileEncoding = 4; lastKnownFileType = sourcecode.swift; path = EIRCityPicker.swift; sourceTree = "<group>"; };
		B85DC874197F069500E02452 /* EIRCityPickerTableViewHelper.swift */ = {isa = PBXFileReference; fileEncoding = 4; lastKnownFileType = sourcecode.swift; path = EIRCityPickerTableViewHelper.swift; sourceTree = "<group>"; };
		B85DC876197F081000E02452 /* ViewController.swift */ = {isa = PBXFileReference; fileEncoding = 4; lastKnownFileType = sourcecode.swift; path = ViewController.swift; sourceTree = "<group>"; };
		B86B75F51981963900ECDACE /* EIRMatch.entitlements */ = {isa = PBXFileReference; fileEncoding = 4; lastKnownFileType = text.xml; name = EIRMatch.entitlements; path = EIRMatch/EIRMatch.entitlements; sourceTree = "<group>"; };
		B88C0E261982F553001E805B /* EIRPostDetailViewer.swift */ = {isa = PBXFileReference; fileEncoding = 4; lastKnownFileType = sourcecode.swift; path = EIRPostDetailViewer.swift; sourceTree = "<group>"; };
		B88C0E291982FF9A001E805B /* packet.png */ = {isa = PBXFileReference; lastKnownFileType = image.png; path = packet.png; sourceTree = "<group>"; };
		B88C0E2B1986BE7D001E805B /* MessageUI.framework */ = {isa = PBXFileReference; lastKnownFileType = wrapper.framework; name = MessageUI.framework; path = System/Library/Frameworks/MessageUI.framework; sourceTree = SDKROOT; };
		B88C0E2D1986C06F001E805B /* EIRMessageDelegate.swift */ = {isa = PBXFileReference; fileEncoding = 4; lastKnownFileType = sourcecode.swift; path = EIRMessageDelegate.swift; sourceTree = "<group>"; };
		B897D479198835BC00D9BA08 /* Foundation.framework */ = {isa = PBXFileReference; lastKnownFileType = wrapper.framework; name = Foundation.framework; path = System/Library/Frameworks/Foundation.framework; sourceTree = SDKROOT; };
		B897D47B1988365000D9BA08 /* Social.framework */ = {isa = PBXFileReference; lastKnownFileType = wrapper.framework; name = Social.framework; path = System/Library/Frameworks/Social.framework; sourceTree = SDKROOT; };
		B89EE055197F2C6D002F4FF4 /* EIRShowAllTableViewHelper.swift */ = {isa = PBXFileReference; fileEncoding = 4; lastKnownFileType = sourcecode.swift; path = EIRShowAllTableViewHelper.swift; sourceTree = "<group>"; };
		B8AF79CA19883F2700128E66 /* UIKit.framework */ = {isa = PBXFileReference; lastKnownFileType = wrapper.framework; name = UIKit.framework; path = System/Library/Frameworks/UIKit.framework; sourceTree = SDKROOT; };
		B8FFC98B1980218500372EA7 /* EIRPostHelper.swift */ = {isa = PBXFileReference; fileEncoding = 4; lastKnownFileType = sourcecode.swift; path = EIRPostHelper.swift; sourceTree = "<group>"; };
		B8FFC98D198021D000372EA7 /* EIRPostCellFormatter.swift */ = {isa = PBXFileReference; fileEncoding = 4; lastKnownFileType = sourcecode.swift; path = EIRPostCellFormatter.swift; sourceTree = "<group>"; };
		B8FFC98F1980307D00372EA7 /* EIRPost.swift */ = {isa = PBXFileReference; fileEncoding = 4; lastKnownFileType = sourcecode.swift; path = EIRPost.swift; sourceTree = "<group>"; };
		B8FFC9941980680F00372EA7 /* EIRPostSaver.swift */ = {isa = PBXFileReference; fileEncoding = 4; lastKnownFileType = sourcecode.swift; name = EIRPostSaver.swift; path = ../EIRPostSaver.swift; sourceTree = "<group>"; };
		B8FFCA101980927E00372EA7 /* EIRMatch-Bridging-Header.h */ = {isa = PBXFileReference; lastKnownFileType = sourcecode.c.h; path = "EIRMatch-Bridging-Header.h"; sourceTree = "<group>"; };
		B8FFCA13198092DF00372EA7 /* Parse.framework */ = {isa = PBXFileReference; lastKnownFileType = wrapper.framework; path = Parse.framework; sourceTree = "<group>"; };
		B8FFCA15198092E900372EA7 /* AudioToolbox.framework */ = {isa = PBXFileReference; lastKnownFileType = wrapper.framework; name = AudioToolbox.framework; path = System/Library/Frameworks/AudioToolbox.framework; sourceTree = SDKROOT; };
		B8FFCA17198092F000372EA7 /* CFNetwork.framework */ = {isa = PBXFileReference; lastKnownFileType = wrapper.framework; name = CFNetwork.framework; path = System/Library/Frameworks/CFNetwork.framework; sourceTree = SDKROOT; };
		B8FFCA19198092F700372EA7 /* CoreGraphics.framework */ = {isa = PBXFileReference; lastKnownFileType = wrapper.framework; name = CoreGraphics.framework; path = System/Library/Frameworks/CoreGraphics.framework; sourceTree = SDKROOT; };
		B8FFCA1B198092FD00372EA7 /* CoreLocation.framework */ = {isa = PBXFileReference; lastKnownFileType = wrapper.framework; name = CoreLocation.framework; path = System/Library/Frameworks/CoreLocation.framework; sourceTree = SDKROOT; };
		B8FFCA1D1980930300372EA7 /* libz.dylib */ = {isa = PBXFileReference; lastKnownFileType = "compiled.mach-o.dylib"; name = libz.dylib; path = usr/lib/libz.dylib; sourceTree = SDKROOT; };
		B8FFCA1F1980930B00372EA7 /* MobileCoreServices.framework */ = {isa = PBXFileReference; lastKnownFileType = wrapper.framework; name = MobileCoreServices.framework; path = System/Library/Frameworks/MobileCoreServices.framework; sourceTree = SDKROOT; };
		B8FFCA211980931100372EA7 /* QuartzCore.framework */ = {isa = PBXFileReference; lastKnownFileType = wrapper.framework; name = QuartzCore.framework; path = System/Library/Frameworks/QuartzCore.framework; sourceTree = SDKROOT; };
		B8FFCA231980931700372EA7 /* Security.framework */ = {isa = PBXFileReference; lastKnownFileType = wrapper.framework; name = Security.framework; path = System/Library/Frameworks/Security.framework; sourceTree = SDKROOT; };
		B8FFCA271980932500372EA7 /* SystemConfiguration.framework */ = {isa = PBXFileReference; lastKnownFileType = wrapper.framework; name = SystemConfiguration.framework; path = System/Library/Frameworks/SystemConfiguration.framework; sourceTree = SDKROOT; };
		B8FFCA2919817DB700372EA7 /* EIRPostLoader.swift */ = {isa = PBXFileReference; fileEncoding = 4; lastKnownFileType = sourcecode.swift; path = EIRPostLoader.swift; sourceTree = "<group>"; };
/* End PBXFileReference section */

/* Begin PBXFrameworksBuildPhase section */
		B85DC82E197D99F400E02452 /* Frameworks */ = {
			isa = PBXFrameworksBuildPhase;
			buildActionMask = 2147483647;
			files = (
				B8AF79C919883E7300128E66 /* Foundation.framework in Frameworks */,
				B8AF79CB19883F2700128E66 /* UIKit.framework in Frameworks */,
				B8FFCA18198092F000372EA7 /* CFNetwork.framework in Frameworks */,
				B897D47C1988365000D9BA08 /* Social.framework in Frameworks */,
				B88C0E2C1986BE7D001E805B /* MessageUI.framework in Frameworks */,
				B8FFCA281980932500372EA7 /* SystemConfiguration.framework in Frameworks */,
				B8FFCA241980931700372EA7 /* Security.framework in Frameworks */,
				B8FFCA221980931100372EA7 /* QuartzCore.framework in Frameworks */,
				B8FFCA201980930B00372EA7 /* MobileCoreServices.framework in Frameworks */,
				B8FFCA1C198092FD00372EA7 /* CoreLocation.framework in Frameworks */,
				B8FFCA1A198092F700372EA7 /* CoreGraphics.framework in Frameworks */,
				B8FFCA16198092E900372EA7 /* AudioToolbox.framework in Frameworks */,
				B8FFCA14198092DF00372EA7 /* Parse.framework in Frameworks */,
				B8FFCA1E1980930300372EA7 /* libz.dylib in Frameworks */,
				A0793C157FEB4642A1488E84 /* libPods-EIRMatch.a in Frameworks */,
			);
			runOnlyForDeploymentPostprocessing = 0;
		};
		B85DC840197D99F400E02452 /* Frameworks */ = {
			isa = PBXFrameworksBuildPhase;
			buildActionMask = 2147483647;
			files = (
			);
			runOnlyForDeploymentPostprocessing = 0;
		};
/* End PBXFrameworksBuildPhase section */

/* Begin PBXGroup section */
		B03EA09CA4974DBAB353FA61 /* Frameworks */ = {
			isa = PBXGroup;
			children = (
				B8AF79CA19883F2700128E66 /* UIKit.framework */,
				B897D47B1988365000D9BA08 /* Social.framework */,
				B897D479198835BC00D9BA08 /* Foundation.framework */,
				B88C0E2B1986BE7D001E805B /* MessageUI.framework */,
				943B49E74032484DBF760B33 /* libPods-EIRMatch.a */,
			);
			name = Frameworks;
			sourceTree = "<group>";
		};
		B85D1CA31986E3B40087A4A2 /* PersonDetails */ = {
			isa = PBXGroup;
			children = (
				B85D1CA11986E3AB0087A4A2 /* EIRPersonDetailsController.swift */,
			);
			name = PersonDetails;
			sourceTree = "<group>";
		};
		B85D1CB01986FC6B0087A4A2 /* Login */ = {
			isa = PBXGroup;
			children = (
				B85D1CAC1986F80E0087A4A2 /* EIRLoginController.swift */,
				B85D1CAE1986FBE40087A4A2 /* EIRLoginHelper.swift */,
				B85D1CB1198704B20087A4A2 /* EIRLoginCellFormatter.swift */,
				B85DC872197F068900E02452 /* EIRCityPicker.swift */,
				B85DC874197F069500E02452 /* EIRCityPickerTableViewHelper.swift */,
			);
			name = Login;
			sourceTree = "<group>";
		};
		B85DC828197D99F300E02452 = {
			isa = PBXGroup;
			children = (
				B85DC86F197F063100E02452 /* OLD */,
				B86B75F51981963900ECDACE /* EIRMatch.entitlements */,
				B8FFCA271980932500372EA7 /* SystemConfiguration.framework */,
				B8FFCA231980931700372EA7 /* Security.framework */,
				B8FFCA211980931100372EA7 /* QuartzCore.framework */,
				B8FFCA1F1980930B00372EA7 /* MobileCoreServices.framework */,
				B8FFCA1D1980930300372EA7 /* libz.dylib */,
				B8FFCA1B198092FD00372EA7 /* CoreLocation.framework */,
				B8FFCA19198092F700372EA7 /* CoreGraphics.framework */,
				B8FFCA17198092F000372EA7 /* CFNetwork.framework */,
				B8FFCA15198092E900372EA7 /* AudioToolbox.framework */,
				B8FFCA13198092DF00372EA7 /* Parse.framework */,
				B85DC857197DC77200E02452 /* Resources */,
				B85DC833197D99F400E02452 /* EIRMatch */,
				B85DC846197D99F400E02452 /* EIRMatchTests */,
				B85DC832197D99F400E02452 /* Products */,
				B8FFCA101980927E00372EA7 /* EIRMatch-Bridging-Header.h */,
				307CD7C972914291BC8A6301 /* Pods-EIRMatch.xcconfig */,
				B03EA09CA4974DBAB353FA61 /* Frameworks */,
			);
			sourceTree = "<group>";
		};
		B85DC832197D99F400E02452 /* Products */ = {
			isa = PBXGroup;
			children = (
				B85DC831197D99F400E02452 /* EIRMatch.app */,
				B85DC843197D99F400E02452 /* EIRMatchTests.xctest */,
			);
			name = Products;
			sourceTree = "<group>";
		};
		B85DC833197D99F400E02452 /* EIRMatch */ = {
			isa = PBXGroup;
			children = (
				B85DC876197F081000E02452 /* ViewController.swift */,
				B85DC855197DA11400E02452 /* EIRSystemResources.swift */,
				B85DC836197D99F400E02452 /* AppDelegate.swift */,
				B8793A8919882A5100348854 /* Posts */,
				B85D1CB01986FC6B0087A4A2 /* Login */,
				B85DC86E197F061300E02452 /* MainMenu */,
				B85DC83A197D99F400E02452 /* Main.storyboard */,
				B85DC83D197D99F400E02452 /* Images.xcassets */,
				B85DC834197D99F400E02452 /* Supporting Files */,
			);
			path = EIRMatch;
			sourceTree = "<group>";
		};
		B85DC834197D99F400E02452 /* Supporting Files */ = {
			isa = PBXGroup;
			children = (
				B85DC835197D99F400E02452 /* Info.plist */,
			);
			name = "Supporting Files";
			sourceTree = "<group>";
		};
		B85DC846197D99F400E02452 /* EIRMatchTests */ = {
			isa = PBXGroup;
			children = (
				B85DC849197D99F400E02452 /* EIRMatchTests.swift */,
				B85DC847197D99F400E02452 /* Supporting Files */,
			);
			path = EIRMatchTests;
			sourceTree = "<group>";
		};
		B85DC847197D99F400E02452 /* Supporting Files */ = {
			isa = PBXGroup;
			children = (
				B85DC848197D99F400E02452 /* Info.plist */,
			);
			name = "Supporting Files";
			sourceTree = "<group>";
		};
		B85DC857197DC77200E02452 /* Resources */ = {
			isa = PBXGroup;
			children = (
				B85D1CA81986EF140087A4A2 /* developer.png */,
				B85D1CA91986EF140087A4A2 /* management.png */,
				B85D1CA61986EB440087A4A2 /* design.png */,
				B85D1C9F1986E0860087A4A2 /* user91.png */,
				B88C0E291982FF9A001E805B /* packet.png */,
				B814D59B1982D44A008587A3 /* lightbulb.jpeg */,
				B85DC858197DC77200E02452 /* binary7.png */,
				B85DC859197DC77200E02452 /* career.png */,
				B85DC85A197DC77200E02452 /* website8.png */,
			);
			path = Resources;
			sourceTree = "<group>";
		};
		B85DC86E197F061300E02452 /* MainMenu */ = {
			isa = PBXGroup;
			children = (
				B85DC862197DD77000E02452 /* EIRHomeController.swift */,
				B85D1CA41986E9F00087A4A2 /* EIRHomeMDCHelper.swift */,
				B85D1CA31986E3B40087A4A2 /* PersonDetails */,
				B88C0E281982F576001E805B /* PostViewer */,
				B85DC870197F063700E02452 /* ShowAll */,
				B85DC871197F064500E02452 /* Post */,
			);
			name = MainMenu;
			sourceTree = "<group>";
		};
		B85DC86F197F063100E02452 /* OLD */ = {
			isa = PBXGroup;
			children = (
				B8FFC9941980680F00372EA7 /* EIRPostSaver.swift */,
				B85DC853197D9C7D00E02452 /* EIRBrowseController.swift */,
				B814D5971981BA2D008587A3 /* EIRBrowseButtonFormatter.swift */,
			);
			name = OLD;
			path = EIRMatch;
			sourceTree = "<group>";
		};
		B85DC870197F063700E02452 /* ShowAll */ = {
			isa = PBXGroup;
			children = (
				B85DC86A197EDAFB00E02452 /* EIRShowAllController.swift */,
				B89EE055197F2C6D002F4FF4 /* EIRShowAllTableViewHelper.swift */,
			);
			name = ShowAll;
			sourceTree = "<group>";
		};
		B85DC871197F064500E02452 /* Post */ = {
			isa = PBXGroup;
			children = (
				B85DC864197EC6D700E02452 /* EIRPostController.swift */,
				B8FFC98B1980218500372EA7 /* EIRPostHelper.swift */,
				B8FFC98D198021D000372EA7 /* EIRPostCellFormatter.swift */,
			);
			name = Post;
			sourceTree = "<group>";
		};
		B8793A8919882A5100348854 /* Posts */ = {
			isa = PBXGroup;
			children = (
				B8FFC98F1980307D00372EA7 /* EIRPost.swift */,
				B8FFCA2919817DB700372EA7 /* EIRPostLoader.swift */,
			);
			name = Posts;
			sourceTree = "<group>";
		};
		B88C0E281982F576001E805B /* PostViewer */ = {
			isa = PBXGroup;
			children = (
				B88C0E261982F553001E805B /* EIRPostDetailViewer.swift */,
				B88C0E2D1986C06F001E805B /* EIRMessageDelegate.swift */,
			);
			name = PostViewer;
			sourceTree = "<group>";
		};
/* End PBXGroup section */

/* Begin PBXNativeTarget section */
		B85DC830197D99F400E02452 /* EIRMatch */ = {
			isa = PBXNativeTarget;
			buildConfigurationList = B85DC84D197D99F400E02452 /* Build configuration list for PBXNativeTarget "EIRMatch" */;
			buildPhases = (
				08A8D021EC354EB1A78412ED /* Check Pods Manifest.lock */,
				B85DC82D197D99F400E02452 /* Sources */,
				B85DC82E197D99F400E02452 /* Frameworks */,
				B85DC82F197D99F400E02452 /* Resources */,
				60BFA36B6795449F9DAD22F9 /* Copy Pods Resources */,
			);
			buildRules = (
			);
			dependencies = (
			);
			name = EIRMatch;
			productName = EIRMatch;
			productReference = B85DC831197D99F400E02452 /* EIRMatch.app */;
			productType = "com.apple.product-type.application";
		};
		B85DC842197D99F400E02452 /* EIRMatchTests */ = {
			isa = PBXNativeTarget;
			buildConfigurationList = B85DC850197D99F400E02452 /* Build configuration list for PBXNativeTarget "EIRMatchTests" */;
			buildPhases = (
				B85DC83F197D99F400E02452 /* Sources */,
				B85DC840197D99F400E02452 /* Frameworks */,
				B85DC841197D99F400E02452 /* Resources */,
			);
			buildRules = (
			);
			dependencies = (
				B85DC845197D99F400E02452 /* PBXTargetDependency */,
			);
			name = EIRMatchTests;
			productName = EIRMatchTests;
			productReference = B85DC843197D99F400E02452 /* EIRMatchTests.xctest */;
			productType = "com.apple.product-type.bundle.unit-test";
		};
/* End PBXNativeTarget section */

/* Begin PBXProject section */
		B85DC829197D99F300E02452 /* Project object */ = {
			isa = PBXProject;
			attributes = {
				LastUpgradeCheck = 0600;
				ORGANIZATIONNAME = "William Tachau";
				TargetAttributes = {
					B85DC830197D99F400E02452 = {
						CreatedOnToolsVersion = 6.0;
						DevelopmentTeam = T36TW74SZ5;
						SystemCapabilities = {
							com.apple.InAppPurchase = {
								enabled = 0;
							};
							com.apple.iCloud = {
								enabled = 0;
							};
						};
					};
					B85DC842197D99F400E02452 = {
						CreatedOnToolsVersion = 6.0;
						TestTargetID = B85DC830197D99F400E02452;
					};
				};
			};
			buildConfigurationList = B85DC82C197D99F300E02452 /* Build configuration list for PBXProject "EIRMatch" */;
			compatibilityVersion = "Xcode 3.2";
			developmentRegion = English;
			hasScannedForEncodings = 0;
			knownRegions = (
				en,
				Base,
			);
			mainGroup = B85DC828197D99F300E02452;
			productRefGroup = B85DC832197D99F400E02452 /* Products */;
			projectDirPath = "";
			projectRoot = "";
			targets = (
				B85DC830197D99F400E02452 /* EIRMatch */,
				B85DC842197D99F400E02452 /* EIRMatchTests */,
			);
		};
/* End PBXProject section */

/* Begin PBXResourcesBuildPhase section */
		B85DC82F197D99F400E02452 /* Resources */ = {
			isa = PBXResourcesBuildPhase;
			buildActionMask = 2147483647;
			files = (
				B85DC83C197D99F400E02452 /* Main.storyboard in Resources */,
				B85DC85B197DC77200E02452 /* binary7.png in Resources */,
				B86B75F61981963900ECDACE /* EIRMatch.entitlements in Resources */,
				B85DC83E197D99F400E02452 /* Images.xcassets in Resources */,
				B85D1CAA1986EF140087A4A2 /* developer.png in Resources */,
				B85DC85D197DC77200E02452 /* website8.png in Resources */,
				B88C0E2A1982FF9A001E805B /* packet.png in Resources */,
				B85DC85C197DC77200E02452 /* career.png in Resources */,
				B85D1CA71986EB440087A4A2 /* design.png in Resources */,
				B814D59C1982D44A008587A3 /* lightbulb.jpeg in Resources */,
				B85D1CAB1986EF140087A4A2 /* management.png in Resources */,
				B85D1CA01986E0860087A4A2 /* user91.png in Resources */,
			);
			runOnlyForDeploymentPostprocessing = 0;
		};
		B85DC841197D99F400E02452 /* Resources */ = {
			isa = PBXResourcesBuildPhase;
			buildActionMask = 2147483647;
			files = (
			);
			runOnlyForDeploymentPostprocessing = 0;
		};
/* End PBXResourcesBuildPhase section */

/* Begin PBXShellScriptBuildPhase section */
		08A8D021EC354EB1A78412ED /* Check Pods Manifest.lock */ = {
			isa = PBXShellScriptBuildPhase;
			buildActionMask = 2147483647;
			files = (
			);
			inputPaths = (
			);
			name = "Check Pods Manifest.lock";
			outputPaths = (
			);
			runOnlyForDeploymentPostprocessing = 0;
			shellPath = /bin/sh;
			shellScript = "diff \"${PODS_ROOT}/../Podfile.lock\" \"${PODS_ROOT}/Manifest.lock\" > /dev/null\nif [[ $? != 0 ]] ; then\n    cat << EOM\nerror: The sandbox is not in sync with the Podfile.lock. Run 'pod install' or update your CocoaPods installation.\nEOM\n    exit 1\nfi\n";
			showEnvVarsInLog = 0;
		};
		60BFA36B6795449F9DAD22F9 /* Copy Pods Resources */ = {
			isa = PBXShellScriptBuildPhase;
			buildActionMask = 2147483647;
			files = (
			);
			inputPaths = (
			);
			name = "Copy Pods Resources";
			outputPaths = (
			);
			runOnlyForDeploymentPostprocessing = 0;
			shellPath = /bin/sh;
			shellScript = "\"${SRCROOT}/Pods/Pods-EIRMatch-resources.sh\"\n";
			showEnvVarsInLog = 0;
		};
/* End PBXShellScriptBuildPhase section */

/* Begin PBXSourcesBuildPhase section */
		B85DC82D197D99F400E02452 /* Sources */ = {
			isa = PBXSourcesBuildPhase;
			buildActionMask = 2147483647;
			files = (
				B8FFC9901980307D00372EA7 /* EIRPost.swift in Sources */,
				B85DC877197F081000E02452 /* ViewController.swift in Sources */,
				B8FFC98E198021D000372EA7 /* EIRPostCellFormatter.swift in Sources */,
				B8FFC9951980680F00372EA7 /* EIRPostSaver.swift in Sources */,
				B85D1CAF1986FBE40087A4A2 /* EIRLoginHelper.swift in Sources */,
				B85DC875197F069500E02452 /* EIRCityPickerTableViewHelper.swift in Sources */,
				B85D1CB2198704B20087A4A2 /* EIRLoginCellFormatter.swift in Sources */,
				B8FFCA2A19817DB700372EA7 /* EIRPostLoader.swift in Sources */,
				B85DC854197D9C7D00E02452 /* EIRBrowseController.swift in Sources */,
				B85DC86B197EDAFB00E02452 /* EIRShowAllController.swift in Sources */,
				B88C0E271982F554001E805B /* EIRPostDetailViewer.swift in Sources */,
				B85DC863197DD77000E02452 /* EIRHomeController.swift in Sources */,
				B88C0E2E1986C06F001E805B /* EIRMessageDelegate.swift in Sources */,
				B85DC837197D99F400E02452 /* AppDelegate.swift in Sources */,
				B814D5981981BA2D008587A3 /* EIRBrowseButtonFormatter.swift in Sources */,
				B8FFC98C1980218500372EA7 /* EIRPostHelper.swift in Sources */,
				B89EE056197F2C6D002F4FF4 /* EIRShowAllTableViewHelper.swift in Sources */,
				B85DC873197F068900E02452 /* EIRCityPicker.swift in Sources */,
				B85DC865197EC6D700E02452 /* EIRPostController.swift in Sources */,
				B85D1CA21986E3AB0087A4A2 /* EIRPersonDetailsController.swift in Sources */,
				B85DC856197DA11400E02452 /* EIRSystemResources.swift in Sources */,
				B85D1CA51986E9F00087A4A2 /* EIRHomeMDCHelper.swift in Sources */,
				B85D1CAD1986F80E0087A4A2 /* EIRLoginController.swift in Sources */,
			);
			runOnlyForDeploymentPostprocessing = 0;
		};
		B85DC83F197D99F400E02452 /* Sources */ = {
			isa = PBXSourcesBuildPhase;
			buildActionMask = 2147483647;
			files = (
				B85DC84A197D99F400E02452 /* EIRMatchTests.swift in Sources */,
			);
			runOnlyForDeploymentPostprocessing = 0;
		};
/* End PBXSourcesBuildPhase section */

/* Begin PBXTargetDependency section */
		B85DC845197D99F400E02452 /* PBXTargetDependency */ = {
			isa = PBXTargetDependency;
			target = B85DC830197D99F400E02452 /* EIRMatch */;
			targetProxy = B85DC844197D99F400E02452 /* PBXContainerItemProxy */;
		};
/* End PBXTargetDependency section */

/* Begin PBXVariantGroup section */
		B85DC83A197D99F400E02452 /* Main.storyboard */ = {
			isa = PBXVariantGroup;
			children = (
				B85DC83B197D99F400E02452 /* Base */,
			);
			name = Main.storyboard;
			sourceTree = "<group>";
		};
/* End PBXVariantGroup section */

/* Begin XCBuildConfiguration section */
		B85DC84B197D99F400E02452 /* Debug */ = {
			isa = XCBuildConfiguration;
			buildSettings = {
				ALWAYS_SEARCH_USER_PATHS = NO;
				CLANG_CXX_LANGUAGE_STANDARD = "gnu++0x";
				CLANG_CXX_LIBRARY = "libc++";
				CLANG_ENABLE_MODULES = YES;
				CLANG_ENABLE_OBJC_ARC = YES;
				CLANG_WARN_BOOL_CONVERSION = YES;
				CLANG_WARN_CONSTANT_CONVERSION = YES;
				CLANG_WARN_DIRECT_OBJC_ISA_USAGE = YES_ERROR;
				CLANG_WARN_EMPTY_BODY = YES;
				CLANG_WARN_ENUM_CONVERSION = YES;
				CLANG_WARN_INT_CONVERSION = YES;
				CLANG_WARN_OBJC_ROOT_CLASS = YES_ERROR;
				CLANG_WARN_UNREACHABLE_CODE = YES;
				CLANG_WARN__DUPLICATE_METHOD_MATCH = YES;
				"CODE_SIGN_IDENTITY[sdk=iphoneos*]" = "iPhone Developer";
				COPY_PHASE_STRIP = NO;
				ENABLE_STRICT_OBJC_MSGSEND = YES;
				GCC_C_LANGUAGE_STANDARD = gnu99;
				GCC_DYNAMIC_NO_PIC = NO;
				GCC_OPTIMIZATION_LEVEL = 0;
				GCC_PREPROCESSOR_DEFINITIONS = (
					"DEBUG=1",
					"$(inherited)",
				);
				GCC_SYMBOLS_PRIVATE_EXTERN = NO;
				GCC_WARN_64_TO_32_BIT_CONVERSION = YES;
				GCC_WARN_ABOUT_RETURN_TYPE = YES_ERROR;
				GCC_WARN_UNDECLARED_SELECTOR = YES;
				GCC_WARN_UNINITIALIZED_AUTOS = YES_AGGRESSIVE;
				GCC_WARN_UNUSED_FUNCTION = YES;
				GCC_WARN_UNUSED_VARIABLE = YES;
				IPHONEOS_DEPLOYMENT_TARGET = 8.0;
				MTL_ENABLE_DEBUG_INFO = YES;
				ONLY_ACTIVE_ARCH = YES;
				SDKROOT = iphoneos;
				SWIFT_OPTIMIZATION_LEVEL = "-Onone";
			};
			name = Debug;
		};
		B85DC84C197D99F400E02452 /* Release */ = {
			isa = XCBuildConfiguration;
			buildSettings = {
				ALWAYS_SEARCH_USER_PATHS = NO;
				CLANG_CXX_LANGUAGE_STANDARD = "gnu++0x";
				CLANG_CXX_LIBRARY = "libc++";
				CLANG_ENABLE_MODULES = YES;
				CLANG_ENABLE_OBJC_ARC = YES;
				CLANG_WARN_BOOL_CONVERSION = YES;
				CLANG_WARN_CONSTANT_CONVERSION = YES;
				CLANG_WARN_DIRECT_OBJC_ISA_USAGE = YES_ERROR;
				CLANG_WARN_EMPTY_BODY = YES;
				CLANG_WARN_ENUM_CONVERSION = YES;
				CLANG_WARN_INT_CONVERSION = YES;
				CLANG_WARN_OBJC_ROOT_CLASS = YES_ERROR;
				CLANG_WARN_UNREACHABLE_CODE = YES;
				CLANG_WARN__DUPLICATE_METHOD_MATCH = YES;
				"CODE_SIGN_IDENTITY[sdk=iphoneos*]" = "iPhone Developer";
				COPY_PHASE_STRIP = YES;
				ENABLE_NS_ASSERTIONS = NO;
				ENABLE_STRICT_OBJC_MSGSEND = YES;
				GCC_C_LANGUAGE_STANDARD = gnu99;
				GCC_WARN_64_TO_32_BIT_CONVERSION = YES;
				GCC_WARN_ABOUT_RETURN_TYPE = YES_ERROR;
				GCC_WARN_UNDECLARED_SELECTOR = YES;
				GCC_WARN_UNINITIALIZED_AUTOS = YES_AGGRESSIVE;
				GCC_WARN_UNUSED_FUNCTION = YES;
				GCC_WARN_UNUSED_VARIABLE = YES;
				IPHONEOS_DEPLOYMENT_TARGET = 8.0;
				MTL_ENABLE_DEBUG_INFO = NO;
				SDKROOT = iphoneos;
				VALIDATE_PRODUCT = YES;
			};
			name = Release;
		};
		B85DC84E197D99F400E02452 /* Debug */ = {
			isa = XCBuildConfiguration;
			baseConfigurationReference = 307CD7C972914291BC8A6301 /* Pods-EIRMatch.xcconfig */;
			buildSettings = {
				ASSETCATALOG_COMPILER_APPICON_NAME = AppIcon;
				ASSETCATALOG_COMPILER_LAUNCHIMAGE_NAME = LaunchImage;
				CLANG_ENABLE_MODULES = YES;
				CODE_SIGN_ENTITLEMENTS = EIRMatch/EIRMatch.entitlements;
				CODE_SIGN_IDENTITY = "iPhone Developer";
				"CODE_SIGN_IDENTITY[sdk=iphoneos*]" = "iPhone Developer";
				FRAMEWORK_SEARCH_PATHS = (
					"$(inherited)",
					"$(PROJECT_DIR)",
				);
				INFOPLIST_FILE = EIRMatch/Info.plist;
				IPHONEOS_DEPLOYMENT_TARGET = 7.0;
				LD_RUNPATH_SEARCH_PATHS = "$(inherited) @executable_path/Frameworks";
				LIBRARY_SEARCH_PATHS = (
					"$(inherited)",
					"$(PROJECT_DIR)",
				);
				PRODUCT_NAME = "$(TARGET_NAME)";
				PROVISIONING_PROFILE = "";
				SWIFT_OBJC_BRIDGING_HEADER = "EIRMatch-Bridging-Header.h";
				SWIFT_OPTIMIZATION_LEVEL = "-Onone";
			};
			name = Debug;
		};
		B85DC84F197D99F400E02452 /* Release */ = {
			isa = XCBuildConfiguration;
			baseConfigurationReference = 307CD7C972914291BC8A6301 /* Pods-EIRMatch.xcconfig */;
			buildSettings = {
				ASSETCATALOG_COMPILER_APPICON_NAME = AppIcon;
				ASSETCATALOG_COMPILER_LAUNCHIMAGE_NAME = LaunchImage;
				CLANG_ENABLE_MODULES = YES;
				CODE_SIGN_ENTITLEMENTS = EIRMatch/EIRMatch.entitlements;
				CODE_SIGN_IDENTITY = "iPhone Developer";
				"CODE_SIGN_IDENTITY[sdk=iphoneos*]" = "iPhone Developer";
				FRAMEWORK_SEARCH_PATHS = (
					"$(inherited)",
					"$(PROJECT_DIR)",
				);
				INFOPLIST_FILE = EIRMatch/Info.plist;
				IPHONEOS_DEPLOYMENT_TARGET = 7.0;
				LD_RUNPATH_SEARCH_PATHS = "$(inherited) @executable_path/Frameworks";
				LIBRARY_SEARCH_PATHS = (
					"$(inherited)",
					"$(PROJECT_DIR)",
				);
				PRODUCT_NAME = "$(TARGET_NAME)";
				PROVISIONING_PROFILE = "";
				SWIFT_OBJC_BRIDGING_HEADER = "EIRMatch-Bridging-Header.h";
			};
			name = Release;
		};
		B85DC851197D99F400E02452 /* Debug */ = {
			isa = XCBuildConfiguration;
			buildSettings = {
				BUNDLE_LOADER = "$(BUILT_PRODUCTS_DIR)/EIRMatch.app/EIRMatch";
				FRAMEWORK_SEARCH_PATHS = (
					"$(SDKROOT)/Developer/Library/Frameworks",
					"$(inherited)",
				);
				GCC_PREPROCESSOR_DEFINITIONS = (
					"DEBUG=1",
					"$(inherited)",
				);
				INFOPLIST_FILE = EIRMatchTests/Info.plist;
				LD_RUNPATH_SEARCH_PATHS = "$(inherited) @executable_path/Frameworks @loader_path/Frameworks";
				PRODUCT_NAME = "$(TARGET_NAME)";
				TEST_HOST = "$(BUNDLE_LOADER)";
			};
			name = Debug;
		};
		B85DC852197D99F400E02452 /* Release */ = {
			isa = XCBuildConfiguration;
			buildSettings = {
				BUNDLE_LOADER = "$(BUILT_PRODUCTS_DIR)/EIRMatch.app/EIRMatch";
				FRAMEWORK_SEARCH_PATHS = (
					"$(SDKROOT)/Developer/Library/Frameworks",
					"$(inherited)",
				);
				INFOPLIST_FILE = EIRMatchTests/Info.plist;
				LD_RUNPATH_SEARCH_PATHS = "$(inherited) @executable_path/Frameworks @loader_path/Frameworks";
				PRODUCT_NAME = "$(TARGET_NAME)";
				TEST_HOST = "$(BUNDLE_LOADER)";
			};
			name = Release;
		};
/* End XCBuildConfiguration section */

/* Begin XCConfigurationList section */
		B85DC82C197D99F300E02452 /* Build configuration list for PBXProject "EIRMatch" */ = {
			isa = XCConfigurationList;
			buildConfigurations = (
				B85DC84B197D99F400E02452 /* Debug */,
				B85DC84C197D99F400E02452 /* Release */,
			);
			defaultConfigurationIsVisible = 0;
			defaultConfigurationName = Release;
		};
		B85DC84D197D99F400E02452 /* Build configuration list for PBXNativeTarget "EIRMatch" */ = {
			isa = XCConfigurationList;
			buildConfigurations = (
				B85DC84E197D99F400E02452 /* Debug */,
				B85DC84F197D99F400E02452 /* Release */,
			);
			defaultConfigurationIsVisible = 0;
			defaultConfigurationName = Release;
		};
		B85DC850197D99F400E02452 /* Build configuration list for PBXNativeTarget "EIRMatchTests" */ = {
			isa = XCConfigurationList;
			buildConfigurations = (
				B85DC851197D99F400E02452 /* Debug */,
				B85DC852197D99F400E02452 /* Release */,
			);
			defaultConfigurationIsVisible = 0;
			defaultConfigurationName = Release;
		};
/* End XCConfigurationList section */
	};
	rootObject = B85DC829197D99F300E02452 /* Project object */;
}
